
Microsoft Visual Studio Solution File, Format Version 12.00
# Visual Studio Version 17
VisualStudioVersion = 17.12.35707.178
MinimumVisualStudioVersion = 10.0.40219.1
Project("{FAE04EC0-301F-11D3-BF4B-00C04F79EFBC}") = "SchoolProjectWeb", "SchoolProjectWeb\SchoolProjectWeb.csproj", "{F89EACC4-3DAC-4781-BA88-E894C28D11DF}"
EndProject
Global
	GlobalSection(SolutionConfigurationPlatforms) = preSolution
		Debug|Any CPU = Debug|Any CPU
		Release|Any CPU = Release|Any CPU
	EndGlobalSection
	GlobalSection(ProjectConfigurationPlatforms) = postSolution
		{F89EACC4-3DAC-4781-BA88-E894C28D11DF}.Debug|Any CPU.ActiveCfg = Debug|Any CPU
		{F89EACC4-3DAC-4781-BA88-E894C28D11DF}.Debug|Any CPU.Build.0 = Debug|Any CPU
		{F89EACC4-3DAC-4781-BA88-E894C28D11DF}.Release|Any CPU.ActiveCfg = Release|Any CPU
		{F89EACC4-3DAC-4781-BA88-E894C28D11DF}.Release|Any CPU.Build.0 = Release|Any CPU
	EndGlobalSection
	GlobalSection(SolutionProperties) = preSolution
		HideSolutionNode = FALSE
	EndGlobalSection
	GlobalSection(ExtensibilityGlobals) = postSolution
		SolutionGuid = {A4E287BC-7E4E-4B44-88AC-86720151A852}
	EndGlobalSection
EndGlobal
